# THIS IS AN AUTOGENERATED FILE. DO NOT EDIT THIS FILE DIRECTLY.
# yarn lockfile v1


"@improbable-eng/grpc-web@^0.8.0":
  version "0.8.0"
  resolved "https://registry.yarnpkg.com/@improbable-eng/grpc-web/-/grpc-web-0.8.0.tgz#c7a9a23560c6667f75cf0e69d5a672aa026683d4"
  integrity sha512-0K9owV6BGGGVNkGXifsnMAE0Xoy675qqMdr8id4FOILbwxLk9HsJtZKz/zxfRXev1YY9JcAHm4vpZmbr6O+lyw==
  dependencies:
    browser-headers "^0.4.0"

"@types/google-protobuf@^3.2.5":
  version "3.2.7"
  resolved "https://registry.yarnpkg.com/@types/google-protobuf/-/google-protobuf-3.2.7.tgz#9576ed5dd62cdb1c9f952522028a03b7cb2b69b5"
  integrity sha512-Pb9wl5qDEwfnJeeu6Zpn5Y+waLrKETStqLZXHMGCTbkNuBBudPy4qOGN6veamyeoUBwTm2knOVeP/FlHHhhmzA==

browser-headers@^0.4.0:
  version "0.4.1"
  resolved "https://registry.yarnpkg.com/browser-headers/-/browser-headers-0.4.1.tgz#4308a7ad3b240f4203dbb45acedb38dc2d65dd02"
  integrity sha512-CA9hsySZVo9371qEHjHZtYxV2cFtVj5Wj/ZHi8ooEsrtm4vOnl9Y9HmyYWk9q+05d7K3rdoAE0j3MVEFVvtQtg==

google-protobuf@^3.2.0:
  version "3.6.1"
  resolved "https://registry.yarnpkg.com/google-protobuf/-/google-protobuf-3.6.1.tgz#7ef58e2bea137a93cdaf5cfd5afa5f6abdd92025"
  integrity sha512-SJYemeX5GjDLPnadcmCNQePQHCS4Hl5fOcI/JawqDIYFhCmrtYAjcx/oTQx/Wi8UuCuZQhfvftbmPePPAYHFtA==

ts-protoc-gen@^0.9.1-pre.50abb56:
  version "0.9.1-pre.50abb56"
  resolved "https://registry.yarnpkg.com/ts-protoc-gen/-/ts-protoc-gen-0.9.1-pre.50abb56.tgz#9831cbbc915d92201a1a002ac2f331d25dcaca1a"
  integrity sha512-SqyGOFqJgRtBIpEKQO32yd2JCR87trjs30iX971jb7uoPUS5pDvb1j3v6zv7uRlKJQFwBGFjZi9qPpVtBntphA==
